
Microsoft Visual Studio Solution File, Format Version 12.00
# Visual Studio 15
VisualStudioVersion = 15.0.28307.271
MinimumVisualStudioVersion = 10.0.40219.1
Project("{8BC9CEB8-8B4A-11D0-8D11-00A0C91BC942}") = "Lab0", "Lab0\Lab0.vcxproj", "{91AD2DAA-5FBC-4AC9-BCC1-996D06596F1E}"
EndProject
Project("{8BC9CEB8-8B4A-11D0-8D11-00A0C91BC942}") = "Lab1", "Lab1\Lab1.vcxproj", "{43E48779-F620-4907-9803-F91FC8B0908E}"
EndProject
Project("{8BC9CEB8-8B4A-11D0-8D11-00A0C91BC942}") = "Lab1.2", "Lab1.2\Lab1.2.vcxproj", "{E6353E1A-0933-4738-AC1F-005DE5BB2261}"
EndProject
Project("{8BC9CEB8-8B4A-11D0-8D11-00A0C91BC942}") = "Lab 2.1", "Lab 2.1\Lab 2.1.vcxproj", "{7FD54B7E-F03D-48C8-8B2F-F434D355C291}"
EndProject
Project("{8BC9CEB8-8B4A-11D0-8D11-00A0C91BC942}") = "Lab 2.2", "Lab 2.2\Lab 2.2.vcxproj", "{AC9F026C-D294-44A5-BE21-7BD3A7A484CB}"
EndProject
Project("{8BC9CEB8-8B4A-11D0-8D11-00A0C91BC942}") = "Lab3.1", "Lab3.1\Lab3.1.vcxproj", "{59693B4C-AFC5-4981-B5D4-86A037463374}"
EndProject
Project("{8BC9CEB8-8B4A-11D0-8D11-00A0C91BC942}") = "Lab3.2", "Lab3.2\Lab3.2.vcxproj", "{97590E74-12F5-4087-94CE-F54DDCCC0F16}"
EndProject
Project("{8BC9CEB8-8B4A-11D0-8D11-00A0C91BC942}") = "Lab4.1", "Lab4.1\Lab4.1.vcxproj", "{65902CC4-47BC-40A8-8C23-14D02F1B0711}"
EndProject
Project("{8BC9CEB8-8B4A-11D0-8D11-00A0C91BC942}") = "Lab4.2", "Lab4.2\Lab4.2.vcxproj", "{E637D2E7-84AE-459F-BFB6-D6D6A6ED1396}"
EndProject
Project("{8BC9CEB8-8B4A-11D0-8D11-00A0C91BC942}") = "Lab4.3", "Lab4.3\Lab4.3.vcxproj", "{56B55611-AE48-47C8-978D-7838E2C6BB2D}"
EndProject
Global
	GlobalSection(SolutionConfigurationPlatforms) = preSolution
		Debug|x64 = Debug|x64
		Debug|x86 = Debug|x86
		Release|x64 = Release|x64
		Release|x86 = Release|x86
	EndGlobalSection
	GlobalSection(ProjectConfigurationPlatforms) = postSolution
		{91AD2DAA-5FBC-4AC9-BCC1-996D06596F1E}.Debug|x64.ActiveCfg = Debug|x64
		{91AD2DAA-5FBC-4AC9-BCC1-996D06596F1E}.Debug|x64.Build.0 = Debug|x64
		{91AD2DAA-5FBC-4AC9-BCC1-996D06596F1E}.Debug|x86.ActiveCfg = Debug|Win32
		{91AD2DAA-5FBC-4AC9-BCC1-996D06596F1E}.Debug|x86.Build.0 = Debug|Win32
		{91AD2DAA-5FBC-4AC9-BCC1-996D06596F1E}.Release|x64.ActiveCfg = Release|x64
		{91AD2DAA-5FBC-4AC9-BCC1-996D06596F1E}.Release|x64.Build.0 = Release|x64
		{91AD2DAA-5FBC-4AC9-BCC1-996D06596F1E}.Release|x86.ActiveCfg = Release|Win32
		{91AD2DAA-5FBC-4AC9-BCC1-996D06596F1E}.Release|x86.Build.0 = Release|Win32
		{43E48779-F620-4907-9803-F91FC8B0908E}.Debug|x64.ActiveCfg = Debug|x64
		{43E48779-F620-4907-9803-F91FC8B0908E}.Debug|x64.Build.0 = Debug|x64
		{43E48779-F620-4907-9803-F91FC8B0908E}.Debug|x86.ActiveCfg = Debug|Win32
		{43E48779-F620-4907-9803-F91FC8B0908E}.Debug|x86.Build.0 = Debug|Win32
		{43E48779-F620-4907-9803-F91FC8B0908E}.Release|x64.ActiveCfg = Release|x64
		{43E48779-F620-4907-9803-F91FC8B0908E}.Release|x64.Build.0 = Release|x64
		{43E48779-F620-4907-9803-F91FC8B0908E}.Release|x86.ActiveCfg = Release|Win32
		{43E48779-F620-4907-9803-F91FC8B0908E}.Release|x86.Build.0 = Release|Win32
		{E6353E1A-0933-4738-AC1F-005DE5BB2261}.Debug|x64.ActiveCfg = Debug|x64
		{E6353E1A-0933-4738-AC1F-005DE5BB2261}.Debug|x64.Build.0 = Debug|x64
		{E6353E1A-0933-4738-AC1F-005DE5BB2261}.Debug|x86.ActiveCfg = Debug|Win32
		{E6353E1A-0933-4738-AC1F-005DE5BB2261}.Debug|x86.Build.0 = Debug|Win32
		{E6353E1A-0933-4738-AC1F-005DE5BB2261}.Release|x64.ActiveCfg = Release|x64
		{E6353E1A-0933-4738-AC1F-005DE5BB2261}.Release|x64.Build.0 = Release|x64
		{E6353E1A-0933-4738-AC1F-005DE5BB2261}.Release|x86.ActiveCfg = Release|Win32
		{E6353E1A-0933-4738-AC1F-005DE5BB2261}.Release|x86.Build.0 = Release|Win32
		{7FD54B7E-F03D-48C8-8B2F-F434D355C291}.Debug|x64.ActiveCfg = Debug|x64
		{7FD54B7E-F03D-48C8-8B2F-F434D355C291}.Debug|x64.Build.0 = Debug|x64
		{7FD54B7E-F03D-48C8-8B2F-F434D355C291}.Debug|x86.ActiveCfg = Debug|Win32
		{7FD54B7E-F03D-48C8-8B2F-F434D355C291}.Debug|x86.Build.0 = Debug|Win32
		{7FD54B7E-F03D-48C8-8B2F-F434D355C291}.Release|x64.ActiveCfg = Release|x64
		{7FD54B7E-F03D-48C8-8B2F-F434D355C291}.Release|x64.Build.0 = Release|x64
		{7FD54B7E-F03D-48C8-8B2F-F434D355C291}.Release|x86.ActiveCfg = Release|Win32
		{7FD54B7E-F03D-48C8-8B2F-F434D355C291}.Release|x86.Build.0 = Release|Win32
		{AC9F026C-D294-44A5-BE21-7BD3A7A484CB}.Debug|x64.ActiveCfg = Debug|x64
		{AC9F026C-D294-44A5-BE21-7BD3A7A484CB}.Debug|x64.Build.0 = Debug|x64
		{AC9F026C-D294-44A5-BE21-7BD3A7A484CB}.Debug|x86.ActiveCfg = Debug|Win32
		{AC9F026C-D294-44A5-BE21-7BD3A7A484CB}.Debug|x86.Build.0 = Debug|Win32
		{AC9F026C-D294-44A5-BE21-7BD3A7A484CB}.Release|x64.ActiveCfg = Release|x64
		{AC9F026C-D294-44A5-BE21-7BD3A7A484CB}.Release|x64.Build.0 = Release|x64
		{AC9F026C-D294-44A5-BE21-7BD3A7A484CB}.Release|x86.ActiveCfg = Release|Win32
		{AC9F026C-D294-44A5-BE21-7BD3A7A484CB}.Release|x86.Build.0 = Release|Win32
		{59693B4C-AFC5-4981-B5D4-86A037463374}.Debug|x64.ActiveCfg = Debug|x64
		{59693B4C-AFC5-4981-B5D4-86A037463374}.Debug|x64.Build.0 = Debug|x64
		{59693B4C-AFC5-4981-B5D4-86A037463374}.Debug|x86.ActiveCfg = Debug|Win32
		{59693B4C-AFC5-4981-B5D4-86A037463374}.Debug|x86.Build.0 = Debug|Win32
		{59693B4C-AFC5-4981-B5D4-86A037463374}.Release|x64.ActiveCfg = Release|x64
		{59693B4C-AFC5-4981-B5D4-86A037463374}.Release|x64.Build.0 = Release|x64
		{59693B4C-AFC5-4981-B5D4-86A037463374}.Release|x86.ActiveCfg = Release|Win32
		{59693B4C-AFC5-4981-B5D4-86A037463374}.Release|x86.Build.0 = Release|Win32
		{97590E74-12F5-4087-94CE-F54DDCCC0F16}.Debug|x64.ActiveCfg = Debug|x64
		{97590E74-12F5-4087-94CE-F54DDCCC0F16}.Debug|x64.Build.0 = Debug|x64
		{97590E74-12F5-4087-94CE-F54DDCCC0F16}.Debug|x86.ActiveCfg = Debug|Win32
		{97590E74-12F5-4087-94CE-F54DDCCC0F16}.Debug|x86.Build.0 = Debug|Win32
		{97590E74-12F5-4087-94CE-F54DDCCC0F16}.Release|x64.ActiveCfg = Release|x64
		{97590E74-12F5-4087-94CE-F54DDCCC0F16}.Release|x64.Build.0 = Release|x64
		{97590E74-12F5-4087-94CE-F54DDCCC0F16}.Release|x86.ActiveCfg = Release|Win32
		{97590E74-12F5-4087-94CE-F54DDCCC0F16}.Release|x86.Build.0 = Release|Win32
		{65902CC4-47BC-40A8-8C23-14D02F1B0711}.Debug|x64.ActiveCfg = Debug|x64
		{65902CC4-47BC-40A8-8C23-14D02F1B0711}.Debug|x64.Build.0 = Debug|x64
		{65902CC4-47BC-40A8-8C23-14D02F1B0711}.Debug|x86.ActiveCfg = Debug|Win32
		{65902CC4-47BC-40A8-8C23-14D02F1B0711}.Debug|x86.Build.0 = Debug|Win32
		{65902CC4-47BC-40A8-8C23-14D02F1B0711}.Release|x64.ActiveCfg = Release|x64
		{65902CC4-47BC-40A8-8C23-14D02F1B0711}.Release|x64.Build.0 = Release|x64
		{65902CC4-47BC-40A8-8C23-14D02F1B0711}.Release|x86.ActiveCfg = Release|Win32
		{65902CC4-47BC-40A8-8C23-14D02F1B0711}.Release|x86.Build.0 = Release|Win32
		{E637D2E7-84AE-459F-BFB6-D6D6A6ED1396}.Debug|x64.ActiveCfg = Debug|x64
		{E637D2E7-84AE-459F-BFB6-D6D6A6ED1396}.Debug|x64.Build.0 = Debug|x64
		{E637D2E7-84AE-459F-BFB6-D6D6A6ED1396}.Debug|x86.ActiveCfg = Debug|Win32
		{E637D2E7-84AE-459F-BFB6-D6D6A6ED1396}.Debug|x86.Build.0 = Debug|Win32
		{E637D2E7-84AE-459F-BFB6-D6D6A6ED1396}.Release|x64.ActiveCfg = Release|x64
		{E637D2E7-84AE-459F-BFB6-D6D6A6ED1396}.Release|x64.Build.0 = Release|x64
		{E637D2E7-84AE-459F-BFB6-D6D6A6ED1396}.Release|x86.ActiveCfg = Release|Win32
		{E637D2E7-84AE-459F-BFB6-D6D6A6ED1396}.Release|x86.Build.0 = Release|Win32
		{56B55611-AE48-47C8-978D-7838E2C6BB2D}.Debug|x64.ActiveCfg = Debug|x64
		{56B55611-AE48-47C8-978D-7838E2C6BB2D}.Debug|x64.Build.0 = Debug|x64
		{56B55611-AE48-47C8-978D-7838E2C6BB2D}.Debug|x86.ActiveCfg = Debug|Win32
		{56B55611-AE48-47C8-978D-7838E2C6BB2D}.Debug|x86.Build.0 = Debug|Win32
		{56B55611-AE48-47C8-978D-7838E2C6BB2D}.Release|x64.ActiveCfg = Release|x64
		{56B55611-AE48-47C8-978D-7838E2C6BB2D}.Release|x64.Build.0 = Release|x64
		{56B55611-AE48-47C8-978D-7838E2C6BB2D}.Release|x86.ActiveCfg = Release|Win32
		{56B55611-AE48-47C8-978D-7838E2C6BB2D}.Release|x86.Build.0 = Release|Win32
	EndGlobalSection
	GlobalSection(SolutionProperties) = preSolution
		HideSolutionNode = FALSE
	EndGlobalSection
	GlobalSection(ExtensibilityGlobals) = postSolution
		SolutionGuid = {E124D6C7-4CD3-47FB-8C88-E2A067EE78A6}
	EndGlobalSection
EndGlobal
